// !$*UTF8*$!
{
	archiveVersion = 1;
	classes = {
	};
	objectVersion = 46;
	objects = {

/* Begin PBXBuildFile section */
		2109BBC31F0A648B0042F873 /* AppDelegate.swift in Sources */ = {isa = PBXBuildFile; fileRef = 2109BBC21F0A648B0042F873 /* AppDelegate.swift */; };
		2109BBC51F0A648B0042F873 /* ViewController.swift in Sources */ = {isa = PBXBuildFile; fileRef = 2109BBC41F0A648B0042F873 /* ViewController.swift */; };
		2109BBC71F0A648B0042F873 /* Assets.xcassets in Resources */ = {isa = PBXBuildFile; fileRef = 2109BBC61F0A648B0042F873 /* Assets.xcassets */; };
		2109BBCA1F0A648B0042F873 /* Main.storyboard in Resources */ = {isa = PBXBuildFile; fileRef = 2109BBC81F0A648B0042F873 /* Main.storyboard */; };
		2109BBD51F0A648B0042F873 /* BulletTimeControlTests.swift in Sources */ = {isa = PBXBuildFile; fileRef = 2109BBD41F0A648B0042F873 /* BulletTimeControlTests.swift */; };
		2109BBE01F0A650D0042F873 /* CameraImageRetreiver.swift in Sources */ = {isa = PBXBuildFile; fileRef = 2109BBDF1F0A650D0042F873 /* CameraImageRetreiver.swift */; };
		2109BBE11F0A650D0042F873 /* CameraImageRetreiver.swift in Sources */ = {isa = PBXBuildFile; fileRef = 2109BBDF1F0A650D0042F873 /* CameraImageRetreiver.swift */; };
		2109BBE31F0A78720042F873 /* BulletTimeCapture.swift in Sources */ = {isa = PBXBuildFile; fileRef = 2109BBE21F0A78720042F873 /* BulletTimeCapture.swift */; };
		2109BBE41F0A78720042F873 /* BulletTimeCapture.swift in Sources */ = {isa = PBXBuildFile; fileRef = 2109BBE21F0A78720042F873 /* BulletTimeCapture.swift */; };
		2109BBE91F0BD3380042F873 /* GIFWriter.swift in Sources */ = {isa = PBXBuildFile; fileRef = 2109BBE81F0BD3380042F873 /* GIFWriter.swift */; };
		2109BBEA1F0BD3380042F873 /* GIFWriter.swift in Sources */ = {isa = PBXBuildFile; fileRef = 2109BBE81F0BD3380042F873 /* GIFWriter.swift */; };
		2109BBFD1F0BD3F70042F873 /* 4.jpeg in Resources */ = {isa = PBXBuildFile; fileRef = 2109BBF81F0BD3F70042F873 /* 4.jpeg */; };
		2109BBFF1F0BD3F70042F873 /* 1.jpeg in Resources */ = {isa = PBXBuildFile; fileRef = 2109BBF91F0BD3F70042F873 /* 1.jpeg */; };
		2109BC011F0BD3F70042F873 /* 2.jpeg in Resources */ = {isa = PBXBuildFile; fileRef = 2109BBFA1F0BD3F70042F873 /* 2.jpeg */; };
		2109BC031F0BD3F70042F873 /* 3.jpeg in Resources */ = {isa = PBXBuildFile; fileRef = 2109BBFB1F0BD3F70042F873 /* 3.jpeg */; };
		2109BC051F0BD4210042F873 /* TestGifWriter.swift in Sources */ = {isa = PBXBuildFile; fileRef = 2109BC041F0BD4210042F873 /* TestGifWriter.swift */; };
		2109BC0A1F0BDAB20042F873 /* CameraImageRetrieverCollection.swift in Sources */ = {isa = PBXBuildFile; fileRef = 2109BC091F0BDAB20042F873 /* CameraImageRetrieverCollection.swift */; };
		2109BC0B1F0BDAB20042F873 /* CameraImageRetrieverCollection.swift in Sources */ = {isa = PBXBuildFile; fileRef = 2109BC091F0BDAB20042F873 /* CameraImageRetrieverCollection.swift */; };
		21950C2D1F51D33A003A92B4 /* CameraSettingsViewController.swift in Sources */ = {isa = PBXBuildFile; fileRef = 21950C2C1F51D33A003A92B4 /* CameraSettingsViewController.swift */; };
		21950C2E1F51D33A003A92B4 /* CameraSettingsViewController.swift in Sources */ = {isa = PBXBuildFile; fileRef = 21950C2C1F51D33A003A92B4 /* CameraSettingsViewController.swift */; };
		21DC04691F1A68DA0097CABB /* 1out0.jpg in Resources */ = {isa = PBXBuildFile; fileRef = 21DC044B1F1A68DA0097CABB /* 1out0.jpg */; };
		21DC046A1F1A68DA0097CABB /* 1out1.jpg in Resources */ = {isa = PBXBuildFile; fileRef = 21DC044C1F1A68DA0097CABB /* 1out1.jpg */; };
		21DC046B1F1A68DA0097CABB /* 1out2.jpg in Resources */ = {isa = PBXBuildFile; fileRef = 21DC044D1F1A68DA0097CABB /* 1out2.jpg */; };
		21DC046C1F1A68DA0097CABB /* 1out3.jpg in Resources */ = {isa = PBXBuildFile; fileRef = 21DC044E1F1A68DA0097CABB /* 1out3.jpg */; };
		21DC046D1F1A68DA0097CABB /* 2out0.jpg in Resources */ = {isa = PBXBuildFile; fileRef = 21DC04501F1A68DA0097CABB /* 2out0.jpg */; };
		21DC046E1F1A68DA0097CABB /* 2out1.jpg in Resources */ = {isa = PBXBuildFile; fileRef = 21DC04511F1A68DA0097CABB /* 2out1.jpg */; };
		21DC046F1F1A68DA0097CABB /* 2out2.jpg in Resources */ = {isa = PBXBuildFile; fileRef = 21DC04521F1A68DA0097CABB /* 2out2.jpg */; };
		21DC04701F1A68DA0097CABB /* 2out3.jpg in Resources */ = {isa = PBXBuildFile; fileRef = 21DC04531F1A68DA0097CABB /* 2out3.jpg */; };
		21DC04711F1A68DA0097CABB /* 3out0.jpg in Resources */ = {isa = PBXBuildFile; fileRef = 21DC04551F1A68DA0097CABB /* 3out0.jpg */; };
		21DC04721F1A68DA0097CABB /* 3out1.jpg in Resources */ = {isa = PBXBuildFile; fileRef = 21DC04561F1A68DA0097CABB /* 3out1.jpg */; };
		21DC04731F1A68DA0097CABB /* 3out2.jpg in Resources */ = {isa = PBXBuildFile; fileRef = 21DC04571F1A68DA0097CABB /* 3out2.jpg */; };
		21DC04741F1A68DA0097CABB /* 3out3.jpg in Resources */ = {isa = PBXBuildFile; fileRef = 21DC04581F1A68DA0097CABB /* 3out3.jpg */; };
		21DC04751F1A68DA0097CABB /* 4out0.jpg in Resources */ = {isa = PBXBuildFile; fileRef = 21DC045A1F1A68DA0097CABB /* 4out0.jpg */; };
		21DC04761F1A68DA0097CABB /* 4out1.jpg in Resources */ = {isa = PBXBuildFile; fileRef = 21DC045B1F1A68DA0097CABB /* 4out1.jpg */; };
		21DC04771F1A68DA0097CABB /* 4out2.jpg in Resources */ = {isa = PBXBuildFile; fileRef = 21DC045C1F1A68DA0097CABB /* 4out2.jpg */; };
		21DC04781F1A68DA0097CABB /* 4out3.jpg in Resources */ = {isa = PBXBuildFile; fileRef = 21DC045D1F1A68DA0097CABB /* 4out3.jpg */; };
		21DC04791F1A68DA0097CABB /* 5out0.jpg in Resources */ = {isa = PBXBuildFile; fileRef = 21DC045F1F1A68DA0097CABB /* 5out0.jpg */; };
		21DC047A1F1A68DA0097CABB /* 5out1.jpg in Resources */ = {isa = PBXBuildFile; fileRef = 21DC04601F1A68DA0097CABB /* 5out1.jpg */; };
		21DC047B1F1A68DA0097CABB /* 5out2.jpg in Resources */ = {isa = PBXBuildFile; fileRef = 21DC04611F1A68DA0097CABB /* 5out2.jpg */; };
		21DC047C1F1A68DA0097CABB /* 5out3.jpg in Resources */ = {isa = PBXBuildFile; fileRef = 21DC04621F1A68DA0097CABB /* 5out3.jpg */; };
		21DC047D1F1A68DA0097CABB /* 6out0.jpg in Resources */ = {isa = PBXBuildFile; fileRef = 21DC04641F1A68DA0097CABB /* 6out0.jpg */; };
		21DC047E1F1A68DA0097CABB /* 6out1.jpg in Resources */ = {isa = PBXBuildFile; fileRef = 21DC04651F1A68DA0097CABB /* 6out1.jpg */; };
		21DC047F1F1A68DA0097CABB /* 6out2.jpg in Resources */ = {isa = PBXBuildFile; fileRef = 21DC04661F1A68DA0097CABB /* 6out2.jpg */; };
		21DC04801F1A68DA0097CABB /* 6out3.jpg in Resources */ = {isa = PBXBuildFile; fileRef = 21DC04671F1A68DA0097CABB /* 6out3.jpg */; };
		21DC04811F1A68DA0097CABB /* capture.sh in Resources */ = {isa = PBXBuildFile; fileRef = 21DC04681F1A68DA0097CABB /* capture.sh */; };
		21F0EA1D218F8AD800717CBC /* CameraCalibrator.swift in Sources */ = {isa = PBXBuildFile; fileRef = 21F0EA1C218F8AD800717CBC /* CameraCalibrator.swift */; };
		21F0EA212191D96900717CBC /* MulticastSender.m in Sources */ = {isa = PBXBuildFile; fileRef = 21F0EA202191D96900717CBC /* MulticastSender.m */; };
/* End PBXBuildFile section */

/* Begin PBXContainerItemProxy section */
		2109BBD11F0A648B0042F873 /* PBXContainerItemProxy */ = {
			isa = PBXContainerItemProxy;
			containerPortal = 2109BBB71F0A648B0042F873 /* Project object */;
			proxyType = 1;
			remoteGlobalIDString = 2109BBBE1F0A648B0042F873;
			remoteInfo = BulletTimeControl;
		};
/* End PBXContainerItemProxy section */

/* Begin PBXFileReference section */
		2109BBBF1F0A648B0042F873 /* BulletTimeControl.app */ = {isa = PBXFileReference; explicitFileType = wrapper.application; includeInIndex = 0; path = BulletTimeControl.app; sourceTree = BUILT_PRODUCTS_DIR; };
		2109BBC21F0A648B0042F873 /* AppDelegate.swift */ = {isa = PBXFileReference; lastKnownFileType = sourcecode.swift; path = AppDelegate.swift; sourceTree = "<group>"; };
		2109BBC41F0A648B0042F873 /* ViewController.swift */ = {isa = PBXFileReference; lastKnownFileType = sourcecode.swift; path = ViewController.swift; sourceTree = "<group>"; };
		2109BBC61F0A648B0042F873 /* Assets.xcassets */ = {isa = PBXFileReference; lastKnownFileType = folder.assetcatalog; path = Assets.xcassets; sourceTree = "<group>"; };
		2109BBC91F0A648B0042F873 /* Base */ = {isa = PBXFileReference; lastKnownFileType = file.storyboard; name = Base; path = Base.lproj/Main.storyboard; sourceTree = "<group>"; };
		2109BBCB1F0A648B0042F873 /* Info.plist */ = {isa = PBXFileReference; lastKnownFileType = text.plist.xml; path = Info.plist; sourceTree = "<group>"; };
		2109BBD01F0A648B0042F873 /* BulletTimeControlTests.xctest */ = {isa = PBXFileReference; explicitFileType = wrapper.cfbundle; includeInIndex = 0; path = BulletTimeControlTests.xctest; sourceTree = BUILT_PRODUCTS_DIR; };
		2109BBD41F0A648B0042F873 /* BulletTimeControlTests.swift */ = {isa = PBXFileReference; lastKnownFileType = sourcecode.swift; path = BulletTimeControlTests.swift; sourceTree = "<group>"; };
		2109BBD61F0A648B0042F873 /* Info.plist */ = {isa = PBXFileReference; lastKnownFileType = text.plist.xml; path = Info.plist; sourceTree = "<group>"; };
		2109BBDF1F0A650D0042F873 /* CameraImageRetreiver.swift */ = {isa = PBXFileReference; fileEncoding = 4; lastKnownFileType = sourcecode.swift; path = CameraImageRetreiver.swift; sourceTree = "<group>"; };
		2109BBE21F0A78720042F873 /* BulletTimeCapture.swift */ = {isa = PBXFileReference; fileEncoding = 4; lastKnownFileType = sourcecode.swift; path = BulletTimeCapture.swift; sourceTree = "<group>"; };
		2109BBE81F0BD3380042F873 /* GIFWriter.swift */ = {isa = PBXFileReference; fileEncoding = 4; lastKnownFileType = sourcecode.swift; path = GIFWriter.swift; sourceTree = "<group>"; };
		2109BBF81F0BD3F70042F873 /* 4.jpeg */ = {isa = PBXFileReference; lastKnownFileType = image.jpeg; name = 4.jpeg; path = ../BulletTimeControl/4.jpeg; sourceTree = "<group>"; };
		2109BBF91F0BD3F70042F873 /* 1.jpeg */ = {isa = PBXFileReference; lastKnownFileType = image.jpeg; name = 1.jpeg; path = ../BulletTimeControl/1.jpeg; sourceTree = "<group>"; };
		2109BBFA1F0BD3F70042F873 /* 2.jpeg */ = {isa = PBXFileReference; lastKnownFileType = image.jpeg; name = 2.jpeg; path = ../BulletTimeControl/2.jpeg; sourceTree = "<group>"; };
		2109BBFB1F0BD3F70042F873 /* 3.jpeg */ = {isa = PBXFileReference; lastKnownFileType = image.jpeg; name = 3.jpeg; path = ../BulletTimeControl/3.jpeg; sourceTree = "<group>"; };
		2109BC041F0BD4210042F873 /* TestGifWriter.swift */ = {isa = PBXFileReference; fileEncoding = 4; lastKnownFileType = sourcecode.swift; path = TestGifWriter.swift; sourceTree = "<group>"; };
		2109BC091F0BDAB20042F873 /* CameraImageRetrieverCollection.swift */ = {isa = PBXFileReference; fileEncoding = 4; lastKnownFileType = sourcecode.swift; path = CameraImageRetrieverCollection.swift; sourceTree = "<group>"; };
		21950C2C1F51D33A003A92B4 /* CameraSettingsViewController.swift */ = {isa = PBXFileReference; fileEncoding = 4; lastKnownFileType = sourcecode.swift; path = CameraSettingsViewController.swift; sourceTree = "<group>"; };
		21DC044B1F1A68DA0097CABB /* 1out0.jpg */ = {isa = PBXFileReference; lastKnownFileType = image.jpeg; path = 1out0.jpg; sourceTree = "<group>"; };
		21DC044C1F1A68DA0097CABB /* 1out1.jpg */ = {isa = PBXFileReference; lastKnownFileType = image.jpeg; path = 1out1.jpg; sourceTree = "<group>"; };
		21DC044D1F1A68DA0097CABB /* 1out2.jpg */ = {isa = PBXFileReference; lastKnownFileType = image.jpeg; path = 1out2.jpg; sourceTree = "<group>"; };
		21DC044E1F1A68DA0097CABB /* 1out3.jpg */ = {isa = PBXFileReference; lastKnownFileType = image.jpeg; path = 1out3.jpg; sourceTree = "<group>"; };
		21DC04501F1A68DA0097CABB /* 2out0.jpg */ = {isa = PBXFileReference; lastKnownFileType = image.jpeg; path = 2out0.jpg; sourceTree = "<group>"; };
		21DC04511F1A68DA0097CABB /* 2out1.jpg */ = {isa = PBXFileReference; lastKnownFileType = image.jpeg; path = 2out1.jpg; sourceTree = "<group>"; };
		21DC04521F1A68DA0097CABB /* 2out2.jpg */ = {isa = PBXFileReference; lastKnownFileType = image.jpeg; path = 2out2.jpg; sourceTree = "<group>"; };
		21DC04531F1A68DA0097CABB /* 2out3.jpg */ = {isa = PBXFileReference; lastKnownFileType = image.jpeg; path = 2out3.jpg; sourceTree = "<group>"; };
		21DC04551F1A68DA0097CABB /* 3out0.jpg */ = {isa = PBXFileReference; lastKnownFileType = image.jpeg; path = 3out0.jpg; sourceTree = "<group>"; };
		21DC04561F1A68DA0097CABB /* 3out1.jpg */ = {isa = PBXFileReference; lastKnownFileType = image.jpeg; path = 3out1.jpg; sourceTree = "<group>"; };
		21DC04571F1A68DA0097CABB /* 3out2.jpg */ = {isa = PBXFileReference; lastKnownFileType = image.jpeg; path = 3out2.jpg; sourceTree = "<group>"; };
		21DC04581F1A68DA0097CABB /* 3out3.jpg */ = {isa = PBXFileReference; lastKnownFileType = image.jpeg; path = 3out3.jpg; sourceTree = "<group>"; };
		21DC045A1F1A68DA0097CABB /* 4out0.jpg */ = {isa = PBXFileReference; lastKnownFileType = image.jpeg; path = 4out0.jpg; sourceTree = "<group>"; };
		21DC045B1F1A68DA0097CABB /* 4out1.jpg */ = {isa = PBXFileReference; lastKnownFileType = image.jpeg; path = 4out1.jpg; sourceTree = "<group>"; };
		21DC045C1F1A68DA0097CABB /* 4out2.jpg */ = {isa = PBXFileReference; lastKnownFileType = image.jpeg; path = 4out2.jpg; sourceTree = "<group>"; };
		21DC045D1F1A68DA0097CABB /* 4out3.jpg */ = {isa = PBXFileReference; lastKnownFileType = image.jpeg; path = 4out3.jpg; sourceTree = "<group>"; };
		21DC045F1F1A68DA0097CABB /* 5out0.jpg */ = {isa = PBXFileReference; lastKnownFileType = image.jpeg; path = 5out0.jpg; sourceTree = "<group>"; };
		21DC04601F1A68DA0097CABB /* 5out1.jpg */ = {isa = PBXFileReference; lastKnownFileType = image.jpeg; path = 5out1.jpg; sourceTree = "<group>"; };
		21DC04611F1A68DA0097CABB /* 5out2.jpg */ = {isa = PBXFileReference; lastKnownFileType = image.jpeg; path = 5out2.jpg; sourceTree = "<group>"; };
		21DC04621F1A68DA0097CABB /* 5out3.jpg */ = {isa = PBXFileReference; lastKnownFileType = image.jpeg; path = 5out3.jpg; sourceTree = "<group>"; };
		21DC04641F1A68DA0097CABB /* 6out0.jpg */ = {isa = PBXFileReference; lastKnownFileType = image.jpeg; path = 6out0.jpg; sourceTree = "<group>"; };
		21DC04651F1A68DA0097CABB /* 6out1.jpg */ = {isa = PBXFileReference; lastKnownFileType = image.jpeg; path = 6out1.jpg; sourceTree = "<group>"; };
		21DC04661F1A68DA0097CABB /* 6out2.jpg */ = {isa = PBXFileReference; lastKnownFileType = image.jpeg; path = 6out2.jpg; sourceTree = "<group>"; };
		21DC04671F1A68DA0097CABB /* 6out3.jpg */ = {isa = PBXFileReference; lastKnownFileType = image.jpeg; path = 6out3.jpg; sourceTree = "<group>"; };
		21DC04681F1A68DA0097CABB /* capture.sh */ = {isa = PBXFileReference; fileEncoding = 4; lastKnownFileType = text.script.sh; path = capture.sh; sourceTree = "<group>"; };
		21F0EA1C218F8AD800717CBC /* CameraCalibrator.swift */ = {isa = PBXFileReference; lastKnownFileType = sourcecode.swift; path = CameraCalibrator.swift; sourceTree = "<group>"; };
		21F0EA1E2191D96900717CBC /* BulletTimeControl-Bridging-Header.h */ = {isa = PBXFileReference; lastKnownFileType = sourcecode.c.h; path = "BulletTimeControl-Bridging-Header.h"; sourceTree = "<group>"; };
		21F0EA1F2191D96900717CBC /* MulticastSender.h */ = {isa = PBXFileReference; lastKnownFileType = sourcecode.c.h; path = MulticastSender.h; sourceTree = "<group>"; };
		21F0EA202191D96900717CBC /* MulticastSender.m */ = {isa = PBXFileReference; lastKnownFileType = sourcecode.c.objc; path = MulticastSender.m; sourceTree = "<group>"; };
/* End PBXFileReference section */

/* Begin PBXFrameworksBuildPhase section */
		2109BBBC1F0A648B0042F873 /* Frameworks */ = {
			isa = PBXFrameworksBuildPhase;
			buildActionMask = 2147483647;
			files = (
			);
			runOnlyForDeploymentPostprocessing = 0;
		};
		2109BBCD1F0A648B0042F873 /* Frameworks */ = {
			isa = PBXFrameworksBuildPhase;
			buildActionMask = 2147483647;
			files = (
			);
			runOnlyForDeploymentPostprocessing = 0;
		};
/* End PBXFrameworksBuildPhase section */

/* Begin PBXGroup section */
		2109BBB61F0A648B0042F873 = {
			isa = PBXGroup;
			children = (
				2109BBC11F0A648B0042F873 /* BulletTimeControl */,
				2109BBD31F0A648B0042F873 /* BulletTimeControlTests */,
				2109BBC01F0A648B0042F873 /* Products */,
			);
			sourceTree = "<group>";
		};
		2109BBC01F0A648B0042F873 /* Products */ = {
			isa = PBXGroup;
			children = (
				2109BBBF1F0A648B0042F873 /* BulletTimeControl.app */,
				2109BBD01F0A648B0042F873 /* BulletTimeControlTests.xctest */,
			);
			name = Products;
			sourceTree = "<group>";
		};
		2109BBC11F0A648B0042F873 /* BulletTimeControl */ = {
			isa = PBXGroup;
			children = (
				2109BBC21F0A648B0042F873 /* AppDelegate.swift */,
				2109BBC41F0A648B0042F873 /* ViewController.swift */,
				2109BBC61F0A648B0042F873 /* Assets.xcassets */,
				2109BBC81F0A648B0042F873 /* Main.storyboard */,
				2109BBCB1F0A648B0042F873 /* Info.plist */,
				2109BBDF1F0A650D0042F873 /* CameraImageRetreiver.swift */,
				21F0EA1C218F8AD800717CBC /* CameraCalibrator.swift */,
				2109BC091F0BDAB20042F873 /* CameraImageRetrieverCollection.swift */,
				2109BBE21F0A78720042F873 /* BulletTimeCapture.swift */,
				2109BBE81F0BD3380042F873 /* GIFWriter.swift */,
				21950C2C1F51D33A003A92B4 /* CameraSettingsViewController.swift */,
				21F0EA1F2191D96900717CBC /* MulticastSender.h */,
				21F0EA202191D96900717CBC /* MulticastSender.m */,
				21F0EA1E2191D96900717CBC /* BulletTimeControl-Bridging-Header.h */,
			);
			path = BulletTimeControl;
			sourceTree = "<group>";
		};
		2109BBD31F0A648B0042F873 /* BulletTimeControlTests */ = {
			isa = PBXGroup;
			children = (
				21DC04481F1A68C70097CABB /* Test24 */,
				2109BBF81F0BD3F70042F873 /* 4.jpeg */,
				2109BBF91F0BD3F70042F873 /* 1.jpeg */,
				2109BBFA1F0BD3F70042F873 /* 2.jpeg */,
				2109BBFB1F0BD3F70042F873 /* 3.jpeg */,
				2109BBD41F0A648B0042F873 /* BulletTimeControlTests.swift */,
				2109BBD61F0A648B0042F873 /* Info.plist */,
				2109BC041F0BD4210042F873 /* TestGifWriter.swift */,
			);
			path = BulletTimeControlTests;
			sourceTree = "<group>";
		};
		21DC04481F1A68C70097CABB /* Test24 */ = {
			isa = PBXGroup;
			children = (
				21DC04491F1A68DA0097CABB /* bt-test-caps */,
			);
			name = Test24;
			sourceTree = "<group>";
		};
		21DC04491F1A68DA0097CABB /* bt-test-caps */ = {
			isa = PBXGroup;
			children = (
				21DC044A1F1A68DA0097CABB /* 1 */,
				21DC044F1F1A68DA0097CABB /* 2 */,
				21DC04541F1A68DA0097CABB /* 3 */,
				21DC04591F1A68DA0097CABB /* 4 */,
				21DC045E1F1A68DA0097CABB /* 5 */,
				21DC04631F1A68DA0097CABB /* 6 */,
				21DC04681F1A68DA0097CABB /* capture.sh */,
			);
			path = "bt-test-caps";
			sourceTree = "<group>";
		};
		21DC044A1F1A68DA0097CABB /* 1 */ = {
			isa = PBXGroup;
			children = (
				21DC044B1F1A68DA0097CABB /* 1out0.jpg */,
				21DC044C1F1A68DA0097CABB /* 1out1.jpg */,
				21DC044D1F1A68DA0097CABB /* 1out2.jpg */,
				21DC044E1F1A68DA0097CABB /* 1out3.jpg */,
			);
			path = 1;
			sourceTree = "<group>";
		};
		21DC044F1F1A68DA0097CABB /* 2 */ = {
			isa = PBXGroup;
			children = (
				21DC04501F1A68DA0097CABB /* 2out0.jpg */,
				21DC04511F1A68DA0097CABB /* 2out1.jpg */,
				21DC04521F1A68DA0097CABB /* 2out2.jpg */,
				21DC04531F1A68DA0097CABB /* 2out3.jpg */,
			);
			path = 2;
			sourceTree = "<group>";
		};
		21DC04541F1A68DA0097CABB /* 3 */ = {
			isa = PBXGroup;
			children = (
				21DC04551F1A68DA0097CABB /* 3out0.jpg */,
				21DC04561F1A68DA0097CABB /* 3out1.jpg */,
				21DC04571F1A68DA0097CABB /* 3out2.jpg */,
				21DC04581F1A68DA0097CABB /* 3out3.jpg */,
			);
			path = 3;
			sourceTree = "<group>";
		};
		21DC04591F1A68DA0097CABB /* 4 */ = {
			isa = PBXGroup;
			children = (
				21DC045A1F1A68DA0097CABB /* 4out0.jpg */,
				21DC045B1F1A68DA0097CABB /* 4out1.jpg */,
				21DC045C1F1A68DA0097CABB /* 4out2.jpg */,
				21DC045D1F1A68DA0097CABB /* 4out3.jpg */,
			);
			path = 4;
			sourceTree = "<group>";
		};
		21DC045E1F1A68DA0097CABB /* 5 */ = {
			isa = PBXGroup;
			children = (
				21DC045F1F1A68DA0097CABB /* 5out0.jpg */,
				21DC04601F1A68DA0097CABB /* 5out1.jpg */,
				21DC04611F1A68DA0097CABB /* 5out2.jpg */,
				21DC04621F1A68DA0097CABB /* 5out3.jpg */,
			);
			path = 5;
			sourceTree = "<group>";
		};
		21DC04631F1A68DA0097CABB /* 6 */ = {
			isa = PBXGroup;
			children = (
				21DC04641F1A68DA0097CABB /* 6out0.jpg */,
				21DC04651F1A68DA0097CABB /* 6out1.jpg */,
				21DC04661F1A68DA0097CABB /* 6out2.jpg */,
				21DC04671F1A68DA0097CABB /* 6out3.jpg */,
			);
			path = 6;
			sourceTree = "<group>";
		};
/* End PBXGroup section */

/* Begin PBXNativeTarget section */
		2109BBBE1F0A648B0042F873 /* BulletTimeControl */ = {
			isa = PBXNativeTarget;
			buildConfigurationList = 2109BBD91F0A648B0042F873 /* Build configuration list for PBXNativeTarget "BulletTimeControl" */;
			buildPhases = (
				2109BBBB1F0A648B0042F873 /* Sources */,
				2109BBBC1F0A648B0042F873 /* Frameworks */,
				2109BBBD1F0A648B0042F873 /* Resources */,
			);
			buildRules = (
			);
			dependencies = (
			);
			name = BulletTimeControl;
			productName = BulletTimeControl;
			productReference = 2109BBBF1F0A648B0042F873 /* BulletTimeControl.app */;
			productType = "com.apple.product-type.application";
		};
		2109BBCF1F0A648B0042F873 /* BulletTimeControlTests */ = {
			isa = PBXNativeTarget;
			buildConfigurationList = 2109BBDC1F0A648B0042F873 /* Build configuration list for PBXNativeTarget "BulletTimeControlTests" */;
			buildPhases = (
				2109BBCC1F0A648B0042F873 /* Sources */,
				2109BBCD1F0A648B0042F873 /* Frameworks */,
				2109BBCE1F0A648B0042F873 /* Resources */,
			);
			buildRules = (
			);
			dependencies = (
				2109BBD21F0A648B0042F873 /* PBXTargetDependency */,
			);
			name = BulletTimeControlTests;
			productName = BulletTimeControlTests;
			productReference = 2109BBD01F0A648B0042F873 /* BulletTimeControlTests.xctest */;
			productType = "com.apple.product-type.bundle.unit-test";
		};
/* End PBXNativeTarget section */

/* Begin PBXProject section */
		2109BBB71F0A648B0042F873 /* Project object */ = {
			isa = PBXProject;
			attributes = {
				LastSwiftUpdateCheck = 0830;
				LastUpgradeCheck = 0830;
				ORGANIZATIONNAME = Rigas;
				TargetAttributes = {
					2109BBBE1F0A648B0042F873 = {
						CreatedOnToolsVersion = 8.3.1;
						LastSwiftMigration = 1010;
						ProvisioningStyle = Automatic;
					};
					2109BBCF1F0A648B0042F873 = {
						CreatedOnToolsVersion = 8.3.1;
						ProvisioningStyle = Automatic;
						TestTargetID = 2109BBBE1F0A648B0042F873;
					};
				};
			};
			buildConfigurationList = 2109BBBA1F0A648B0042F873 /* Build configuration list for PBXProject "BulletTimeControl" */;
			compatibilityVersion = "Xcode 3.2";
			developmentRegion = English;
			hasScannedForEncodings = 0;
			knownRegions = (
				en,
				Base,
			);
			mainGroup = 2109BBB61F0A648B0042F873;
			productRefGroup = 2109BBC01F0A648B0042F873 /* Products */;
			projectDirPath = "";
			projectRoot = "";
			targets = (
				2109BBBE1F0A648B0042F873 /* BulletTimeControl */,
				2109BBCF1F0A648B0042F873 /* BulletTimeControlTests */,
			);
		};
/* End PBXProject section */

/* Begin PBXResourcesBuildPhase section */
		2109BBBD1F0A648B0042F873 /* Resources */ = {
			isa = PBXResourcesBuildPhase;
			buildActionMask = 2147483647;
			files = (
				2109BBC71F0A648B0042F873 /* Assets.xcassets in Resources */,
				2109BBCA1F0A648B0042F873 /* Main.storyboard in Resources */,
			);
			runOnlyForDeploymentPostprocessing = 0;
		};
		2109BBCE1F0A648B0042F873 /* Resources */ = {
			isa = PBXResourcesBuildPhase;
			buildActionMask = 2147483647;
			files = (
				2109BC011F0BD3F70042F873 /* 2.jpeg in Resources */,
				21DC047B1F1A68DA0097CABB /* 5out2.jpg in Resources */,
				21DC04731F1A68DA0097CABB /* 3out2.jpg in Resources */,
				21DC04741F1A68DA0097CABB /* 3out3.jpg in Resources */,
				21DC04691F1A68DA0097CABB /* 1out0.jpg in Resources */,
				21DC04761F1A68DA0097CABB /* 4out1.jpg in Resources */,
				21DC04811F1A68DA0097CABB /* capture.sh in Resources */,
				21DC04721F1A68DA0097CABB /* 3out1.jpg in Resources */,
				21DC04781F1A68DA0097CABB /* 4out3.jpg in Resources */,
				21DC047E1F1A68DA0097CABB /* 6out1.jpg in Resources */,
				21DC046C1F1A68DA0097CABB /* 1out3.jpg in Resources */,
				21DC04801F1A68DA0097CABB /* 6out3.jpg in Resources */,
				21DC04771F1A68DA0097CABB /* 4out2.jpg in Resources */,
				21DC047C1F1A68DA0097CABB /* 5out3.jpg in Resources */,
				21DC04751F1A68DA0097CABB /* 4out0.jpg in Resources */,
				21DC04711F1A68DA0097CABB /* 3out0.jpg in Resources */,
				2109BBFF1F0BD3F70042F873 /* 1.jpeg in Resources */,
				21DC047A1F1A68DA0097CABB /* 5out1.jpg in Resources */,
				21DC046D1F1A68DA0097CABB /* 2out0.jpg in Resources */,
				21DC047D1F1A68DA0097CABB /* 6out0.jpg in Resources */,
				2109BC031F0BD3F70042F873 /* 3.jpeg in Resources */,
				21DC046E1F1A68DA0097CABB /* 2out1.jpg in Resources */,
				21DC046A1F1A68DA0097CABB /* 1out1.jpg in Resources */,
				21DC046F1F1A68DA0097CABB /* 2out2.jpg in Resources */,
				21DC047F1F1A68DA0097CABB /* 6out2.jpg in Resources */,
				2109BBFD1F0BD3F70042F873 /* 4.jpeg in Resources */,
				21DC04701F1A68DA0097CABB /* 2out3.jpg in Resources */,
				21DC04791F1A68DA0097CABB /* 5out0.jpg in Resources */,
				21DC046B1F1A68DA0097CABB /* 1out2.jpg in Resources */,
			);
			runOnlyForDeploymentPostprocessing = 0;
		};
/* End PBXResourcesBuildPhase section */

/* Begin PBXSourcesBuildPhase section */
		2109BBBB1F0A648B0042F873 /* Sources */ = {
			isa = PBXSourcesBuildPhase;
			buildActionMask = 2147483647;
			files = (
				2109BBC51F0A648B0042F873 /* ViewController.swift in Sources */,
				2109BBE31F0A78720042F873 /* BulletTimeCapture.swift in Sources */,
				2109BBE91F0BD3380042F873 /* GIFWriter.swift in Sources */,
				2109BBC31F0A648B0042F873 /* AppDelegate.swift in Sources */,
				2109BBE01F0A650D0042F873 /* CameraImageRetreiver.swift in Sources */,
				21F0EA1D218F8AD800717CBC /* CameraCalibrator.swift in Sources */,
				21950C2D1F51D33A003A92B4 /* CameraSettingsViewController.swift in Sources */,
				21F0EA212191D96900717CBC /* MulticastSender.m in Sources */,
				2109BC0A1F0BDAB20042F873 /* CameraImageRetrieverCollection.swift in Sources */,
			);
			runOnlyForDeploymentPostprocessing = 0;
		};
		2109BBCC1F0A648B0042F873 /* Sources */ = {
			isa = PBXSourcesBuildPhase;
			buildActionMask = 2147483647;
			files = (
				2109BBD51F0A648B0042F873 /* BulletTimeControlTests.swift in Sources */,
				2109BBE11F0A650D0042F873 /* CameraImageRetreiver.swift in Sources */,
				2109BBE41F0A78720042F873 /* BulletTimeCapture.swift in Sources */,
				2109BBEA1F0BD3380042F873 /* GIFWriter.swift in Sources */,
				2109BC051F0BD4210042F873 /* TestGifWriter.swift in Sources */,
				21950C2E1F51D33A003A92B4 /* CameraSettingsViewController.swift in Sources */,
				2109BC0B1F0BDAB20042F873 /* CameraImageRetrieverCollection.swift in Sources */,
			);
			runOnlyForDeploymentPostprocessing = 0;
		};
/* End PBXSourcesBuildPhase section */

/* Begin PBXTargetDependency section */
		2109BBD21F0A648B0042F873 /* PBXTargetDependency */ = {
			isa = PBXTargetDependency;
			target = 2109BBBE1F0A648B0042F873 /* BulletTimeControl */;
			targetProxy = 2109BBD11F0A648B0042F873 /* PBXContainerItemProxy */;
		};
/* End PBXTargetDependency section */

/* Begin PBXVariantGroup section */
		2109BBC81F0A648B0042F873 /* Main.storyboard */ = {
			isa = PBXVariantGroup;
			children = (
				2109BBC91F0A648B0042F873 /* Base */,
			);
			name = Main.storyboard;
			sourceTree = "<group>";
		};
/* End PBXVariantGroup section */

/* Begin XCBuildConfiguration section */
		2109BBD71F0A648B0042F873 /* Debug */ = {
			isa = XCBuildConfiguration;
			buildSettings = {
				ALWAYS_SEARCH_USER_PATHS = NO;
				CLANG_ANALYZER_NONNULL = YES;
				CLANG_ANALYZER_NUMBER_OBJECT_CONVERSION = YES_AGGRESSIVE;
				CLANG_CXX_LANGUAGE_STANDARD = "gnu++0x";
				CLANG_CXX_LIBRARY = "libc++";
				CLANG_ENABLE_MODULES = YES;
				CLANG_ENABLE_OBJC_ARC = YES;
				CLANG_WARN_BOOL_CONVERSION = YES;
				CLANG_WARN_CONSTANT_CONVERSION = YES;
				CLANG_WARN_DIRECT_OBJC_ISA_USAGE = YES_ERROR;
				CLANG_WARN_DOCUMENTATION_COMMENTS = YES;
				CLANG_WARN_EMPTY_BODY = YES;
				CLANG_WARN_ENUM_CONVERSION = YES;
				CLANG_WARN_INFINITE_RECURSION = YES;
				CLANG_WARN_INT_CONVERSION = YES;
				CLANG_WARN_OBJC_ROOT_CLASS = YES_ERROR;
				CLANG_WARN_SUSPICIOUS_MOVE = YES;
				CLANG_WARN_UNREACHABLE_CODE = YES;
				CLANG_WARN__DUPLICATE_METHOD_MATCH = YES;
				CODE_SIGN_IDENTITY = "-";
				COPY_PHASE_STRIP = NO;
				DEBUG_INFORMATION_FORMAT = dwarf;
				ENABLE_STRICT_OBJC_MSGSEND = YES;
				ENABLE_TESTABILITY = YES;
				GCC_C_LANGUAGE_STANDARD = gnu99;
				GCC_DYNAMIC_NO_PIC = NO;
				GCC_NO_COMMON_BLOCKS = YES;
				GCC_OPTIMIZATION_LEVEL = 0;
				GCC_PREPROCESSOR_DEFINITIONS = (
					"DEBUG=1",
					"$(inherited)",
				);
				GCC_WARN_64_TO_32_BIT_CONVERSION = YES;
				GCC_WARN_ABOUT_RETURN_TYPE = YES_ERROR;
				GCC_WARN_UNDECLARED_SELECTOR = YES;
				GCC_WARN_UNINITIALIZED_AUTOS = YES_AGGRESSIVE;
				GCC_WARN_UNUSED_FUNCTION = YES;
				GCC_WARN_UNUSED_VARIABLE = YES;
				MACOSX_DEPLOYMENT_TARGET = 10.12;
				MTL_ENABLE_DEBUG_INFO = YES;
				ONLY_ACTIVE_ARCH = YES;
				SDKROOT = macosx;
				SWIFT_ACTIVE_COMPILATION_CONDITIONS = DEBUG;
				SWIFT_OPTIMIZATION_LEVEL = "-Onone";
			};
			name = Debug;
		};
		2109BBD81F0A648B0042F873 /* Release */ = {
			isa = XCBuildConfiguration;
			buildSettings = {
				ALWAYS_SEARCH_USER_PATHS = NO;
				CLANG_ANALYZER_NONNULL = YES;
				CLANG_ANALYZER_NUMBER_OBJECT_CONVERSION = YES_AGGRESSIVE;
				CLANG_CXX_LANGUAGE_STANDARD = "gnu++0x";
				CLANG_CXX_LIBRARY = "libc++";
				CLANG_ENABLE_MODULES = YES;
				CLANG_ENABLE_OBJC_ARC = YES;
				CLANG_WARN_BOOL_CONVERSION = YES;
				CLANG_WARN_CONSTANT_CONVERSION = YES;
				CLANG_WARN_DIRECT_OBJC_ISA_USAGE = YES_ERROR;
				CLANG_WARN_DOCUMENTATION_COMMENTS = YES;
				CLANG_WARN_EMPTY_BODY = YES;
				CLANG_WARN_ENUM_CONVERSION = YES;
				CLANG_WARN_INFINITE_RECURSION = YES;
				CLANG_WARN_INT_CONVERSION = YES;
				CLANG_WARN_OBJC_ROOT_CLASS = YES_ERROR;
				CLANG_WARN_SUSPICIOUS_MOVE = YES;
				CLANG_WARN_UNREACHABLE_CODE = YES;
				CLANG_WARN__DUPLICATE_METHOD_MATCH = YES;
				CODE_SIGN_IDENTITY = "-";
				COPY_PHASE_STRIP = NO;
				DEBUG_INFORMATION_FORMAT = "dwarf-with-dsym";
				ENABLE_NS_ASSERTIONS = NO;
				ENABLE_STRICT_OBJC_MSGSEND = YES;
				GCC_C_LANGUAGE_STANDARD = gnu99;
				GCC_NO_COMMON_BLOCKS = YES;
				GCC_WARN_64_TO_32_BIT_CONVERSION = YES;
				GCC_WARN_ABOUT_RETURN_TYPE = YES_ERROR;
				GCC_WARN_UNDECLARED_SELECTOR = YES;
				GCC_WARN_UNINITIALIZED_AUTOS = YES_AGGRESSIVE;
				GCC_WARN_UNUSED_FUNCTION = YES;
				GCC_WARN_UNUSED_VARIABLE = YES;
				MACOSX_DEPLOYMENT_TARGET = 10.12;
				MTL_ENABLE_DEBUG_INFO = NO;
				SDKROOT = macosx;
				SWIFT_OPTIMIZATION_LEVEL = "-Owholemodule";
			};
			name = Release;
		};
		2109BBDA1F0A648B0042F873 /* Debug */ = {
			isa = XCBuildConfiguration;
			buildSettings = {
				ASSETCATALOG_COMPILER_APPICON_NAME = AppIcon;
				CLANG_ENABLE_MODULES = YES;
				COMBINE_HIDPI_IMAGES = YES;
				INFOPLIST_FILE = BulletTimeControl/Info.plist;
				LD_RUNPATH_SEARCH_PATHS = "$(inherited) @executable_path/../Frameworks";
				PRODUCT_BUNDLE_IDENTIFIER = com.wakkle.BulletTimeControl;
				PRODUCT_NAME = "$(TARGET_NAME)";
				SWIFT_OBJC_BRIDGING_HEADER = "BulletTimeControl/BulletTimeControl-Bridging-Header.h";
				SWIFT_OPTIMIZATION_LEVEL = "-Onone";
				SWIFT_VERSION = 3.0;
			};
			name = Debug;
		};
		2109BBDB1F0A648B0042F873 /* Release */ = {
			isa = XCBuildConfiguration;
			buildSettings = {
				ASSETCATALOG_COMPILER_APPICON_NAME = AppIcon;
				CLANG_ENABLE_MODULES = YES;
				COMBINE_HIDPI_IMAGES = YES;
				INFOPLIST_FILE = BulletTimeControl/Info.plist;
				LD_RUNPATH_SEARCH_PATHS = "$(inherited) @executable_path/../Frameworks";
				PRODUCT_BUNDLE_IDENTIFIER = com.wakkle.BulletTimeControl;
				PRODUCT_NAME = "$(TARGET_NAME)";
				SWIFT_OBJC_BRIDGING_HEADER = "BulletTimeControl/BulletTimeControl-Bridging-Header.h";
				SWIFT_VERSION = 3.0;
			};
			name = Release;
		};
		2109BBDD1F0A648B0042F873 /* Debug */ = {
			isa = XCBuildConfiguration;
			buildSettings = {
				ALWAYS_EMBED_SWIFT_STANDARD_LIBRARIES = YES;
				BUNDLE_LOADER = "$(TEST_HOST)";
				COMBINE_HIDPI_IMAGES = YES;
				INFOPLIST_FILE = BulletTimeControlTests/Info.plist;
				LD_RUNPATH_SEARCH_PATHS = "$(inherited) @executable_path/../Frameworks @loader_path/../Frameworks";
				PRODUCT_BUNDLE_IDENTIFIER = com.wakkle.BulletTimeControlTests;
				PRODUCT_NAME = "$(TARGET_NAME)";
				SWIFT_VERSION = 3.0;
				TEST_HOST = "$(BUILT_PRODUCTS_DIR)/BulletTimeControl.app/Contents/MacOS/BulletTimeControl";
			};
			name = Debug;
		};
		2109BBDE1F0A648B0042F873 /* Release */ = {
			isa = XCBuildConfiguration;
			buildSettings = {
				ALWAYS_EMBED_SWIFT_STANDARD_LIBRARIES = YES;
				BUNDLE_LOADER = "$(TEST_HOST)";
				COMBINE_HIDPI_IMAGES = YES;
				INFOPLIST_FILE = BulletTimeControlTests/Info.plist;
				LD_RUNPATH_SEARCH_PATHS = "$(inherited) @executable_path/../Frameworks @loader_path/../Frameworks";
				PRODUCT_BUNDLE_IDENTIFIER = com.wakkle.BulletTimeControlTests;
				PRODUCT_NAME = "$(TARGET_NAME)";
				SWIFT_VERSION = 3.0;
				TEST_HOST = "$(BUILT_PRODUCTS_DIR)/BulletTimeControl.app/Contents/MacOS/BulletTimeControl";
			};
			name = Release;
		};
/* End XCBuildConfiguration section */

/* Begin XCConfigurationList section */
		2109BBBA1F0A648B0042F873 /* Build configuration list for PBXProject "BulletTimeControl" */ = {
			isa = XCConfigurationList;
			buildConfigurations = (
				2109BBD71F0A648B0042F873 /* Debug */,
				2109BBD81F0A648B0042F873 /* Release */,
			);
			defaultConfigurationIsVisible = 0;
			defaultConfigurationName = Release;
		};
		2109BBD91F0A648B0042F873 /* Build configuration list for PBXNativeTarget "BulletTimeControl" */ = {
			isa = XCConfigurationList;
			buildConfigurations = (
				2109BBDA1F0A648B0042F873 /* Debug */,
				2109BBDB1F0A648B0042F873 /* Release */,
			);
			defaultConfigurationIsVisible = 0;
			defaultConfigurationName = Release;
		};
		2109BBDC1F0A648B0042F873 /* Build configuration list for PBXNativeTarget "BulletTimeControlTests" */ = {
			isa = XCConfigurationList;
			buildConfigurations = (
				2109BBDD1F0A648B0042F873 /* Debug */,
				2109BBDE1F0A648B0042F873 /* Release */,
			);
			defaultConfigurationIsVisible = 0;
			defaultConfigurationName = Release;
		};
/* End XCConfigurationList section */
	};
	rootObject = 2109BBB71F0A648B0042F873 /* Project object */;
}
