// !$*UTF8*$!
{
	archiveVersion = 1;
	classes = {
	};
	objectVersion = 46;
	objects = {

/* Begin PBXBuildFile section */
		2109BBC31F0A648B0042F873 /* AppDelegate.swift in Sources */ = {isa = PBXBuildFile; fileRef = 2109BBC21F0A648B0042F873 /* AppDelegate.swift */; };
		2109BBC51F0A648B0042F873 /* ViewController.swift in Sources */ = {isa = PBXBuildFile; fileRef = 2109BBC41F0A648B0042F873 /* ViewController.swift */; };
		2109BBC71F0A648B0042F873 /* Assets.xcassets in Resources */ = {isa = PBXBuildFile; fileRef = 2109BBC61F0A648B0042F873 /* Assets.xcassets */; };
		2109BBCA1F0A648B0042F873 /* Main.storyboard in Resources */ = {isa = PBXBuildFile; fileRef = 2109BBC81F0A648B0042F873 /* Main.storyboard */; };
		2109BBD51F0A648B0042F873 /* BulletTimeControlTests.swift in Sources */ = {isa = PBXBuildFile; fileRef = 2109BBD41F0A648B0042F873 /* BulletTimeControlTests.swift */; };
/* End PBXBuildFile section */

/* Begin PBXContainerItemProxy section */
		2109BBD11F0A648B0042F873 /* PBXContainerItemProxy */ = {
			isa = PBXContainerItemProxy;
			containerPortal = 2109BBB71F0A648B0042F873 /* Project object */;
			proxyType = 1;
			remoteGlobalIDString = 2109BBBE1F0A648B0042F873;
			remoteInfo = BulletTimeControl;
		};
/* End PBXContainerItemProxy section */

/* Begin PBXFileReference section */
		2109BBBF1F0A648B0042F873 /* BulletTimeControl.app */ = {isa = PBXFileReference; explicitFileType = wrapper.application; includeInIndex = 0; path = BulletTimeControl.app; sourceTree = BUILT_PRODUCTS_DIR; };
		2109BBC21F0A648B0042F873 /* AppDelegate.swift */ = {isa = PBXFileReference; lastKnownFileType = sourcecode.swift; path = AppDelegate.swift; sourceTree = "<group>"; };
		2109BBC41F0A648B0042F873 /* ViewController.swift */ = {isa = PBXFileReference; lastKnownFileType = sourcecode.swift; path = ViewController.swift; sourceTree = "<group>"; };
		2109BBC61F0A648B0042F873 /* Assets.xcassets */ = {isa = PBXFileReference; lastKnownFileType = folder.assetcatalog; path = Assets.xcassets; sourceTree = "<group>"; };
		2109BBC91F0A648B0042F873 /* Base */ = {isa = PBXFileReference; lastKnownFileType = file.storyboard; name = Base; path = Base.lproj/Main.storyboard; sourceTree = "<group>"; };
		2109BBCB1F0A648B0042F873 /* Info.plist */ = {isa = PBXFileReference; lastKnownFileType = text.plist.xml; path = Info.plist; sourceTree = "<group>"; };
		2109BBD01F0A648B0042F873 /* BulletTimeControlTests.xctest */ = {isa = PBXFileReference; explicitFileType = wrapper.cfbundle; includeInIndex = 0; path = BulletTimeControlTests.xctest; sourceTree = BUILT_PRODUCTS_DIR; };
		2109BBD41F0A648B0042F873 /* BulletTimeControlTests.swift */ = {isa = PBXFileReference; lastKnownFileType = sourcecode.swift; path = BulletTimeControlTests.swift; sourceTree = "<group>"; };
		2109BBD61F0A648B0042F873 /* Info.plist */ = {isa = PBXFileReference; lastKnownFileType = text.plist.xml; path = Info.plist; sourceTree = "<group>"; };
/* End PBXFileReference section */

/* Begin PBXFrameworksBuildPhase section */
		2109BBBC1F0A648B0042F873 /* Frameworks */ = {
			isa = PBXFrameworksBuildPhase;
			buildActionMask = 2147483647;
			files = (
			);
			runOnlyForDeploymentPostprocessing = 0;
		};
		2109BBCD1F0A648B0042F873 /* Frameworks */ = {
			isa = PBXFrameworksBuildPhase;
			buildActionMask = 2147483647;
			files = (
			);
			runOnlyForDeploymentPostprocessing = 0;
		};
/* End PBXFrameworksBuildPhase section */

/* Begin PBXGroup section */
		2109BBB61F0A648B0042F873 = {
			isa = PBXGroup;
			children = (
				2109BBC11F0A648B0042F873 /* BulletTimeControl */,
				2109BBD31F0A648B0042F873 /* BulletTimeControlTests */,
				2109BBC01F0A648B0042F873 /* Products */,
			);
			sourceTree = "<group>";
		};
		2109BBC01F0A648B0042F873 /* Products */ = {
			isa = PBXGroup;
			children = (
				2109BBBF1F0A648B0042F873 /* BulletTimeControl.app */,
				2109BBD01F0A648B0042F873 /* BulletTimeControlTests.xctest */,
			);
			name = Products;
			sourceTree = "<group>";
		};
		2109BBC11F0A648B0042F873 /* BulletTimeControl */ = {
			isa = PBXGroup;
			children = (
				2109BBC21F0A648B0042F873 /* AppDelegate.swift */,
				2109BBC41F0A648B0042F873 /* ViewController.swift */,
				2109BBC61F0A648B0042F873 /* Assets.xcassets */,
				2109BBC81F0A648B0042F873 /* Main.storyboard */,
				2109BBCB1F0A648B0042F873 /* Info.plist */,
			);
			path = BulletTimeControl;
			sourceTree = "<group>";
		};
		2109BBD31F0A648B0042F873 /* BulletTimeControlTests */ = {
			isa = PBXGroup;
			children = (
				2109BBD41F0A648B0042F873 /* BulletTimeControlTests.swift */,
				2109BBD61F0A648B0042F873 /* Info.plist */,
			);
			path = BulletTimeControlTests;
			sourceTree = "<group>";
		};
/* End PBXGroup section */

/* Begin PBXNativeTarget section */
		2109BBBE1F0A648B0042F873 /* BulletTimeControl */ = {
			isa = PBXNativeTarget;
			buildConfigurationList = 2109BBD91F0A648B0042F873 /* Build configuration list for PBXNativeTarget "BulletTimeControl" */;
			buildPhases = (
				2109BBBB1F0A648B0042F873 /* Sources */,
				2109BBBC1F0A648B0042F873 /* Frameworks */,
				2109BBBD1F0A648B0042F873 /* Resources */,
			);
			buildRules = (
			);
			dependencies = (
			);
			name = BulletTimeControl;
			productName = BulletTimeControl;
			productReference = 2109BBBF1F0A648B0042F873 /* BulletTimeControl.app */;
			productType = "com.apple.product-type.application";
		};
		2109BBCF1F0A648B0042F873 /* BulletTimeControlTests */ = {
			isa = PBXNativeTarget;
			buildConfigurationList = 2109BBDC1F0A648B0042F873 /* Build configuration list for PBXNativeTarget "BulletTimeControlTests" */;
			buildPhases = (
				2109BBCC1F0A648B0042F873 /* Sources */,
				2109BBCD1F0A648B0042F873 /* Frameworks */,
				2109BBCE1F0A648B0042F873 /* Resources */,
			);
			buildRules = (
			);
			dependencies = (
				2109BBD21F0A648B0042F873 /* PBXTargetDependency */,
			);
			name = BulletTimeControlTests;
			productName = BulletTimeControlTests;
			productReference = 2109BBD01F0A648B0042F873 /* BulletTimeControlTests.xctest */;
			productType = "com.apple.product-type.bundle.unit-test";
		};
/* End PBXNativeTarget section */

/* Begin PBXProject section */
		2109BBB71F0A648B0042F873 /* Project object */ = {
			isa = PBXProject;
			attributes = {
				LastSwiftUpdateCheck = 0830;
				LastUpgradeCheck = 0830;
				ORGANIZATIONNAME = Rigas;
				TargetAttributes = {
					2109BBBE1F0A648B0042F873 = {
						CreatedOnToolsVersion = 8.3.1;
						ProvisioningStyle = Automatic;
					};
					2109BBCF1F0A648B0042F873 = {
						CreatedOnToolsVersion = 8.3.1;
						ProvisioningStyle = Automatic;
						TestTargetID = 2109BBBE1F0A648B0042F873;
					};
				};
			};
			buildConfigurationList = 2109BBBA1F0A648B0042F873 /* Build configuration list for PBXProject "BulletTimeControl" */;
			compatibilityVersion = "Xcode 3.2";
			developmentRegion = English;
			hasScannedForEncodings = 0;
			knownRegions = (
				en,
				Base,
			);
			mainGroup = 2109BBB61F0A648B0042F873;
			productRefGroup = 2109BBC01F0A648B0042F873 /* Products */;
			projectDirPath = "";
			projectRoot = "";
			targets = (
				2109BBBE1F0A648B0042F873 /* BulletTimeControl */,
				2109BBCF1F0A648B0042F873 /* BulletTimeControlTests */,
			);
		};
/* End PBXProject section */

/* Begin PBXResourcesBuildPhase section */
		2109BBBD1F0A648B0042F873 /* Resources */ = {
			isa = PBXResourcesBuildPhase;
			buildActionMask = 2147483647;
			files = (
				2109BBC71F0A648B0042F873 /* Assets.xcassets in Resources */,
				2109BBCA1F0A648B0042F873 /* Main.storyboard in Resources */,
			);
			runOnlyForDeploymentPostprocessing = 0;
		};
		2109BBCE1F0A648B0042F873 /* Resources */ = {
			isa = PBXResourcesBuildPhase;
			buildActionMask = 2147483647;
			files = (
			);
			runOnlyForDeploymentPostprocessing = 0;
		};
/* End PBXResourcesBuildPhase section */

/* Begin PBXSourcesBuildPhase section */
		2109BBBB1F0A648B0042F873 /* Sources */ = {
			isa = PBXSourcesBuildPhase;
			buildActionMask = 2147483647;
			files = (
				2109BBC51F0A648B0042F873 /* ViewController.swift in Sources */,
				2109BBC31F0A648B0042F873 /* AppDelegate.swift in Sources */,
			);
			runOnlyForDeploymentPostprocessing = 0;
		};
		2109BBCC1F0A648B0042F873 /* Sources */ = {
			isa = PBXSourcesBuildPhase;
			buildActionMask = 2147483647;
			files = (
				2109BBD51F0A648B0042F873 /* BulletTimeControlTests.swift in Sources */,
			);
			runOnlyForDeploymentPostprocessing = 0;
		};
/* End PBXSourcesBuildPhase section */

/* Begin PBXTargetDependency section */
		2109BBD21F0A648B0042F873 /* PBXTargetDependency */ = {
			isa = PBXTargetDependency;
			target = 2109BBBE1F0A648B0042F873 /* BulletTimeControl */;
			targetProxy = 2109BBD11F0A648B0042F873 /* PBXContainerItemProxy */;
		};
/* End PBXTargetDependency section */

/* Begin PBXVariantGroup section */
		2109BBC81F0A648B0042F873 /* Main.storyboard */ = {
			isa = PBXVariantGroup;
			children = (
				2109BBC91F0A648B0042F873 /* Base */,
			);
			name = Main.storyboard;
			sourceTree = "<group>";
		};
/* End PBXVariantGroup section */

/* Begin XCBuildConfiguration section */
		2109BBD71F0A648B0042F873 /* Debug */ = {
			isa = XCBuildConfiguration;
			buildSettings = {
				ALWAYS_SEARCH_USER_PATHS = NO;
				CLANG_ANALYZER_NONNULL = YES;
				CLANG_ANALYZER_NUMBER_OBJECT_CONVERSION = YES_AGGRESSIVE;
				CLANG_CXX_LANGUAGE_STANDARD = "gnu++0x";
				CLANG_CXX_LIBRARY = "libc++";
				CLANG_ENABLE_MODULES = YES;
				CLANG_ENABLE_OBJC_ARC = YES;
				CLANG_WARN_BOOL_CONVERSION = YES;
				CLANG_WARN_CONSTANT_CONVERSION = YES;
				CLANG_WARN_DIRECT_OBJC_ISA_USAGE = YES_ERROR;
				CLANG_WARN_DOCUMENTATION_COMMENTS = YES;
				CLANG_WARN_EMPTY_BODY = YES;
				CLANG_WARN_ENUM_CONVERSION = YES;
				CLANG_WARN_INFINITE_RECURSION = YES;
				CLANG_WARN_INT_CONVERSION = YES;
				CLANG_WARN_OBJC_ROOT_CLASS = YES_ERROR;
				CLANG_WARN_SUSPICIOUS_MOVE = YES;
				CLANG_WARN_UNREACHABLE_CODE = YES;
				CLANG_WARN__DUPLICATE_METHOD_MATCH = YES;
				CODE_SIGN_IDENTITY = "-";
				COPY_PHASE_STRIP = NO;
				DEBUG_INFORMATION_FORMAT = dwarf;
				ENABLE_STRICT_OBJC_MSGSEND = YES;
				ENABLE_TESTABILITY = YES;
				GCC_C_LANGUAGE_STANDARD = gnu99;
				GCC_DYNAMIC_NO_PIC = NO;
				GCC_NO_COMMON_BLOCKS = YES;
				GCC_OPTIMIZATION_LEVEL = 0;
				GCC_PREPROCESSOR_DEFINITIONS = (
					"DEBUG=1",
					"$(inherited)",
				);
				GCC_WARN_64_TO_32_BIT_CONVERSION = YES;
				GCC_WARN_ABOUT_RETURN_TYPE = YES_ERROR;
				GCC_WARN_UNDECLARED_SELECTOR = YES;
				GCC_WARN_UNINITIALIZED_AUTOS = YES_AGGRESSIVE;
				GCC_WARN_UNUSED_FUNCTION = YES;
				GCC_WARN_UNUSED_VARIABLE = YES;
				MACOSX_DEPLOYMENT_TARGET = 10.12;
				MTL_ENABLE_DEBUG_INFO = YES;
				ONLY_ACTIVE_ARCH = YES;
				SDKROOT = macosx;
				SWIFT_ACTIVE_COMPILATION_CONDITIONS = DEBUG;
				SWIFT_OPTIMIZATION_LEVEL = "-Onone";
			};
			name = Debug;
		};
		2109BBD81F0A648B0042F873 /* Release */ = {
			isa = XCBuildConfiguration;
			buildSettings = {
				ALWAYS_SEARCH_USER_PATHS = NO;
				CLANG_ANALYZER_NONNULL = YES;
				CLANG_ANALYZER_NUMBER_OBJECT_CONVERSION = YES_AGGRESSIVE;
				CLANG_CXX_LANGUAGE_STANDARD = "gnu++0x";
				CLANG_CXX_LIBRARY = "libc++";
				CLANG_ENABLE_MODULES = YES;
				CLANG_ENABLE_OBJC_ARC = YES;
				CLANG_WARN_BOOL_CONVERSION = YES;
				CLANG_WARN_CONSTANT_CONVERSION = YES;
				CLANG_WARN_DIRECT_OBJC_ISA_USAGE = YES_ERROR;
				CLANG_WARN_DOCUMENTATION_COMMENTS = YES;
				CLANG_WARN_EMPTY_BODY = YES;
				CLANG_WARN_ENUM_CONVERSION = YES;
				CLANG_WARN_INFINITE_RECURSION = YES;
				CLANG_WARN_INT_CONVERSION = YES;
				CLANG_WARN_OBJC_ROOT_CLASS = YES_ERROR;
				CLANG_WARN_SUSPICIOUS_MOVE = YES;
				CLANG_WARN_UNREACHABLE_CODE = YES;
				CLANG_WARN__DUPLICATE_METHOD_MATCH = YES;
				CODE_SIGN_IDENTITY = "-";
				COPY_PHASE_STRIP = NO;
				DEBUG_INFORMATION_FORMAT = "dwarf-with-dsym";
				ENABLE_NS_ASSERTIONS = NO;
				ENABLE_STRICT_OBJC_MSGSEND = YES;
				GCC_C_LANGUAGE_STANDARD = gnu99;
				GCC_NO_COMMON_BLOCKS = YES;
				GCC_WARN_64_TO_32_BIT_CONVERSION = YES;
				GCC_WARN_ABOUT_RETURN_TYPE = YES_ERROR;
				GCC_WARN_UNDECLARED_SELECTOR = YES;
				GCC_WARN_UNINITIALIZED_AUTOS = YES_AGGRESSIVE;
				GCC_WARN_UNUSED_FUNCTION = YES;
				GCC_WARN_UNUSED_VARIABLE = YES;
				MACOSX_DEPLOYMENT_TARGET = 10.12;
				MTL_ENABLE_DEBUG_INFO = NO;
				SDKROOT = macosx;
				SWIFT_OPTIMIZATION_LEVEL = "-Owholemodule";
			};
			name = Release;
		};
		2109BBDA1F0A648B0042F873 /* Debug */ = {
			isa = XCBuildConfiguration;
			buildSettings = {
				ASSETCATALOG_COMPILER_APPICON_NAME = AppIcon;
				COMBINE_HIDPI_IMAGES = YES;
				INFOPLIST_FILE = BulletTimeControl/Info.plist;
				LD_RUNPATH_SEARCH_PATHS = "$(inherited) @executable_path/../Frameworks";
				PRODUCT_BUNDLE_IDENTIFIER = com.wakkle.BulletTimeControl;
				PRODUCT_NAME = "$(TARGET_NAME)";
				SWIFT_VERSION = 3.0;
			};
			name = Debug;
		};
		2109BBDB1F0A648B0042F873 /* Release */ = {
			isa = XCBuildConfiguration;
			buildSettings = {
				ASSETCATALOG_COMPILER_APPICON_NAME = AppIcon;
				COMBINE_HIDPI_IMAGES = YES;
				INFOPLIST_FILE = BulletTimeControl/Info.plist;
				LD_RUNPATH_SEARCH_PATHS = "$(inherited) @executable_path/../Frameworks";
				PRODUCT_BUNDLE_IDENTIFIER = com.wakkle.BulletTimeControl;
				PRODUCT_NAME = "$(TARGET_NAME)";
				SWIFT_VERSION = 3.0;
			};
			name = Release;
		};
		2109BBDD1F0A648B0042F873 /* Debug */ = {
			isa = XCBuildConfiguration;
			buildSettings = {
				ALWAYS_EMBED_SWIFT_STANDARD_LIBRARIES = YES;
				BUNDLE_LOADER = "$(TEST_HOST)";
				COMBINE_HIDPI_IMAGES = YES;
				INFOPLIST_FILE = BulletTimeControlTests/Info.plist;
				LD_RUNPATH_SEARCH_PATHS = "$(inherited) @executable_path/../Frameworks @loader_path/../Frameworks";
				PRODUCT_BUNDLE_IDENTIFIER = com.wakkle.BulletTimeControlTests;
				PRODUCT_NAME = "$(TARGET_NAME)";
				SWIFT_VERSION = 3.0;
				TEST_HOST = "$(BUILT_PRODUCTS_DIR)/BulletTimeControl.app/Contents/MacOS/BulletTimeControl";
			};
			name = Debug;
		};
		2109BBDE1F0A648B0042F873 /* Release */ = {
			isa = XCBuildConfiguration;
			buildSettings = {
				ALWAYS_EMBED_SWIFT_STANDARD_LIBRARIES = YES;
				BUNDLE_LOADER = "$(TEST_HOST)";
				COMBINE_HIDPI_IMAGES = YES;
				INFOPLIST_FILE = BulletTimeControlTests/Info.plist;
				LD_RUNPATH_SEARCH_PATHS = "$(inherited) @executable_path/../Frameworks @loader_path/../Frameworks";
				PRODUCT_BUNDLE_IDENTIFIER = com.wakkle.BulletTimeControlTests;
				PRODUCT_NAME = "$(TARGET_NAME)";
				SWIFT_VERSION = 3.0;
				TEST_HOST = "$(BUILT_PRODUCTS_DIR)/BulletTimeControl.app/Contents/MacOS/BulletTimeControl";
			};
			name = Release;
		};
/* End XCBuildConfiguration section */

/* Begin XCConfigurationList section */
		2109BBBA1F0A648B0042F873 /* Build configuration list for PBXProject "BulletTimeControl" */ = {
			isa = XCConfigurationList;
			buildConfigurations = (
				2109BBD71F0A648B0042F873 /* Debug */,
				2109BBD81F0A648B0042F873 /* Release */,
			);
			defaultConfigurationIsVisible = 0;
			defaultConfigurationName = Release;
		};
		2109BBD91F0A648B0042F873 /* Build configuration list for PBXNativeTarget "BulletTimeControl" */ = {
			isa = XCConfigurationList;
			buildConfigurations = (
				2109BBDA1F0A648B0042F873 /* Debug */,
				2109BBDB1F0A648B0042F873 /* Release */,
			);
			defaultConfigurationIsVisible = 0;
		};
		2109BBDC1F0A648B0042F873 /* Build configuration list for PBXNativeTarget "BulletTimeControlTests" */ = {
			isa = XCConfigurationList;
			buildConfigurations = (
				2109BBDD1F0A648B0042F873 /* Debug */,
				2109BBDE1F0A648B0042F873 /* Release */,
			);
			defaultConfigurationIsVisible = 0;
		};
/* End XCConfigurationList section */
	};
	rootObject = 2109BBB71F0A648B0042F873 /* Project object */;
}
